
Microsoft Visual Studio Solution File, Format Version 12.00
# Visual Studio 14
VisualStudioVersion = 14.0.25420.1
MinimumVisualStudioVersion = 10.0.40219.1
Project("{FAE04EC0-301F-11D3-BF4B-00C04F79EFBC}") = "Assignment 2 Attempt 1", "Assignment 2 Attempt 1\Assignment 2 Attempt 1.csproj", "{70E5E0D0-7CB0-4807-A320-E3B9040EAA97}"
EndProject
Project("{FAE04EC0-301F-11D3-BF4B-00C04F79EFBC}") = "Assignment 2 Attempt 2", "Assignment 2 Attempt 2\Assignment 2 Attempt 2.csproj", "{4DE6783D-8EEC-4921-95D8-364185D4605C}"
EndProject
Project("{FAE04EC0-301F-11D3-BF4B-00C04F79EFBC}") = "Assignment 2 Attempt 3", "Assignment 2 Attempt 3\Assignment 2 Attempt 3.csproj", "{D652348F-6F34-4596-97B5-D6DCCFDF9787}"
EndProject
Global
	GlobalSection(SolutionConfigurationPlatforms) = preSolution
		Debug|Any CPU = Debug|Any CPU
		Release|Any CPU = Release|Any CPU
	EndGlobalSection
	GlobalSection(ProjectConfigurationPlatforms) = postSolution
		{70E5E0D0-7CB0-4807-A320-E3B9040EAA97}.Debug|Any CPU.ActiveCfg = Debug|Any CPU
		{70E5E0D0-7CB0-4807-A320-E3B9040EAA97}.Debug|Any CPU.Build.0 = Debug|Any CPU
		{70E5E0D0-7CB0-4807-A320-E3B9040EAA97}.Release|Any CPU.ActiveCfg = Release|Any CPU
		{70E5E0D0-7CB0-4807-A320-E3B9040EAA97}.Release|Any CPU.Build.0 = Release|Any CPU
		{4DE6783D-8EEC-4921-95D8-364185D4605C}.Debug|Any CPU.ActiveCfg = Debug|Any CPU
		{4DE6783D-8EEC-4921-95D8-364185D4605C}.Debug|Any CPU.Build.0 = Debug|Any CPU
		{4DE6783D-8EEC-4921-95D8-364185D4605C}.Release|Any CPU.ActiveCfg = Release|Any CPU
		{4DE6783D-8EEC-4921-95D8-364185D4605C}.Release|Any CPU.Build.0 = Release|Any CPU
		{D652348F-6F34-4596-97B5-D6DCCFDF9787}.Debug|Any CPU.ActiveCfg = Debug|Any CPU
		{D652348F-6F34-4596-97B5-D6DCCFDF9787}.Debug|Any CPU.Build.0 = Debug|Any CPU
		{D652348F-6F34-4596-97B5-D6DCCFDF9787}.Release|Any CPU.ActiveCfg = Release|Any CPU
		{D652348F-6F34-4596-97B5-D6DCCFDF9787}.Release|Any CPU.Build.0 = Release|Any CPU
	EndGlobalSection
	GlobalSection(SolutionProperties) = preSolution
		HideSolutionNode = FALSE
	EndGlobalSection
EndGlobal
